
Microsoft Visual Studio Solution File, Format Version 12.00
# Visual Studio 2012
Project("{FAE04EC0-301F-11D3-BF4B-00C04F79EFBC}") = "Client", "Client\Client.csproj", "{4A8EBDF2-6F74-4628-AE9D-65FF4A0C5A43}"
EndProject
Project("{FAE04EC0-301F-11D3-BF4B-00C04F79EFBC}") = "Server", "Server\Server.csproj", "{0B4C4D4E-55CD-4B77-9D76-E3E9275D5E50}"
EndProject
Global
	GlobalSection(SolutionConfigurationPlatforms) = preSolution
		Debug|Any CPU = Debug|Any CPU
		Release|Any CPU = Release|Any CPU
	EndGlobalSection
	GlobalSection(ProjectConfigurationPlatforms) = postSolution
		{4A8EBDF2-6F74-4628-AE9D-65FF4A0C5A43}.Debug|Any CPU.ActiveCfg = Debug|x86
		{4A8EBDF2-6F74-4628-AE9D-65FF4A0C5A43}.Debug|Any CPU.Build.0 = Debug|x86
		{4A8EBDF2-6F74-4628-AE9D-65FF4A0C5A43}.Release|Any CPU.ActiveCfg = Release|Any CPU
		{4A8EBDF2-6F74-4628-AE9D-65FF4A0C5A43}.Release|Any CPU.Build.0 = Release|Any CPU
		{0B4C4D4E-55CD-4B77-9D76-E3E9275D5E50}.Debug|Any CPU.ActiveCfg = Debug|x86
		{0B4C4D4E-55CD-4B77-9D76-E3E9275D5E50}.Debug|Any CPU.Build.0 = Debug|x86
		{0B4C4D4E-55CD-4B77-9D76-E3E9275D5E50}.Release|Any CPU.ActiveCfg = Release|Any CPU
		{0B4C4D4E-55CD-4B77-9D76-E3E9275D5E50}.Release|Any CPU.Build.0 = Release|Any CPU
	EndGlobalSection
	GlobalSection(SolutionProperties) = preSolution
		HideSolutionNode = FALSE
	EndGlobalSection
EndGlobal
